dependencies:
  espressif/cjson:
    component_hash: e788323270d90738662d66fffa910bfe1fba019bba087f01557e70c40485b469
    dependencies:
    - name: idf
      require: private
      version: '>=5.0'
    source:
      registry_url: https://components.espressif.com/
      type: service
    version: 1.7.19~2
  idf:
    source:
      type: idf
    version: 6.0.1
direct_dependencies:
- espressif/cjson
manifest_hash: cb88ff42897026cea26a01bd69ecc829d37dd52f2193c12925edd6ec20d6081c
target: esp32
version: 3.0.0
